PODS:
  - BiometricAuthenticator (1.2.0)

DEPENDENCIES:
  - BiometricAuthenticator (from `../`)

EXTERNAL SOURCES:
  BiometricAuthenticator:
    :path: "../"

SPEC CHECKSUMS:
  BiometricAuthenticator: 818b710a1b7c29735bfb40852cc70148f8c205de

PODFILE CHECKSUM: 20e59698257dc702ae63abe9ea12cd52ab445517

COCOAPODS: 1.6.0.beta.1
